// !$*UTF8*$!
{
	archiveVersion = 1;
	classes = {
	};
	objectVersion = 48;
	objects = {

/* Begin PBXBuildFile section */
		D306D8C51FF15CFC009AB87C /* AppDelegate.swift in Sources */ = {isa = PBXBuildFile; fileRef = D306D8C41FF15CFC009AB87C /* AppDelegate.swift */; };
		D306D8C71FF15CFC009AB87C /* ViewController.swift in Sources */ = {isa = PBXBuildFile; fileRef = D306D8C61FF15CFC009AB87C /* ViewController.swift */; };
		D306D8CA1FF15CFC009AB87C /* Main.storyboard in Resources */ = {isa = PBXBuildFile; fileRef = D306D8C81FF15CFC009AB87C /* Main.storyboard */; };
		D306D8CC1FF15CFC009AB87C /* Assets.xcassets in Resources */ = {isa = PBXBuildFile; fileRef = D306D8CB1FF15CFC009AB87C /* Assets.xcassets */; };
		D306D8CF1FF15CFC009AB87C /* LaunchScreen.storyboard in Resources */ = {isa = PBXBuildFile; fileRef = D306D8CD1FF15CFC009AB87C /* LaunchScreen.storyboard */; };
		D39D05B01FF168E9008F5C74 /* pokemon.csv in Resources */ = {isa = PBXBuildFile; fileRef = D39D05AF1FF168E9008F5C74 /* pokemon.csv */; };
		D39D05B31FF16A65008F5C74 /* Pokemon.swift in Sources */ = {isa = PBXBuildFile; fileRef = D39D05B21FF16A65008F5C74 /* Pokemon.swift */; };
		D39D05B61FF1747F008F5C74 /* PokeCell.swift in Sources */ = {isa = PBXBuildFile; fileRef = D39D05B51FF1747F008F5C74 /* PokeCell.swift */; };
		D39D05B81FF1A070008F5C74 /* csv.swift in Sources */ = {isa = PBXBuildFile; fileRef = D39D05B71FF1A06F008F5C74 /* csv.swift */; };
		D39D05BE1FF1DBE0008F5C74 /* music.png in Resources */ = {isa = PBXBuildFile; fileRef = D39D05BD1FF1DBE0008F5C74 /* music.png */; };
		D39D05C01FF1DC12008F5C74 /* music.mp3 in Resources */ = {isa = PBXBuildFile; fileRef = D39D05BF1FF1DC12008F5C74 /* music.mp3 */; };
/* End PBXBuildFile section */

/* Begin PBXFileReference section */
		D306D8C11FF15CFC009AB87C /* pokedex.app */ = {isa = PBXFileReference; explicitFileType = wrapper.application; includeInIndex = 0; path = pokedex.app; sourceTree = BUILT_PRODUCTS_DIR; };
		D306D8C41FF15CFC009AB87C /* AppDelegate.swift */ = {isa = PBXFileReference; lastKnownFileType = sourcecode.swift; path = AppDelegate.swift; sourceTree = "<group>"; };
		D306D8C61FF15CFC009AB87C /* ViewController.swift */ = {isa = PBXFileReference; lastKnownFileType = sourcecode.swift; path = ViewController.swift; sourceTree = "<group>"; };
		D306D8C91FF15CFC009AB87C /* Base */ = {isa = PBXFileReference; lastKnownFileType = file.storyboard; name = Base; path = Base.lproj/Main.storyboard; sourceTree = "<group>"; };
		D306D8CB1FF15CFC009AB87C /* Assets.xcassets */ = {isa = PBXFileReference; lastKnownFileType = folder.assetcatalog; path = Assets.xcassets; sourceTree = "<group>"; };
		D306D8CE1FF15CFC009AB87C /* Base */ = {isa = PBXFileReference; lastKnownFileType = file.storyboard; name = Base; path = Base.lproj/LaunchScreen.storyboard; sourceTree = "<group>"; };
		D306D8D01FF15CFC009AB87C /* Info.plist */ = {isa = PBXFileReference; lastKnownFileType = text.plist.xml; path = Info.plist; sourceTree = "<group>"; };
		D39D05AF1FF168E9008F5C74 /* pokemon.csv */ = {isa = PBXFileReference; fileEncoding = 4; lastKnownFileType = text; path = pokemon.csv; sourceTree = "<group>"; };
		D39D05B21FF16A65008F5C74 /* Pokemon.swift */ = {isa = PBXFileReference; lastKnownFileType = sourcecode.swift; path = Pokemon.swift; sourceTree = "<group>"; };
		D39D05B51FF1747F008F5C74 /* PokeCell.swift */ = {isa = PBXFileReference; lastKnownFileType = sourcecode.swift; path = PokeCell.swift; sourceTree = "<group>"; };
		D39D05B71FF1A06F008F5C74 /* csv.swift */ = {isa = PBXFileReference; fileEncoding = 4; lastKnownFileType = sourcecode.swift; path = csv.swift; sourceTree = "<group>"; };
		D39D05B91FF1D9BB008F5C74 /* Pokemon Solid.ttf */ = {isa = PBXFileReference; lastKnownFileType = file; path = "Pokemon Solid.ttf"; sourceTree = "<group>"; };
		D39D05BD1FF1DBE0008F5C74 /* music.png */ = {isa = PBXFileReference; lastKnownFileType = image.png; path = music.png; sourceTree = "<group>"; };
		D39D05BF1FF1DC12008F5C74 /* music.mp3 */ = {isa = PBXFileReference; lastKnownFileType = audio.mp3; path = music.mp3; sourceTree = "<group>"; };
/* End PBXFileReference section */

/* Begin PBXFrameworksBuildPhase section */
		D306D8BE1FF15CFB009AB87C /* Frameworks */ = {
			isa = PBXFrameworksBuildPhase;
			buildActionMask = 2147483647;
			files = (
			);
			runOnlyForDeploymentPostprocessing = 0;
		};
/* End PBXFrameworksBuildPhase section */

/* Begin PBXGroup section */
		D306D8B81FF15CFB009AB87C = {
			isa = PBXGroup;
			children = (
				D306D8C31FF15CFC009AB87C /* pokedex */,
				D306D8C21FF15CFC009AB87C /* Products */,
			);
			sourceTree = "<group>";
		};
		D306D8C21FF15CFC009AB87C /* Products */ = {
			isa = PBXGroup;
			children = (
				D306D8C11FF15CFC009AB87C /* pokedex.app */,
			);
			name = Products;
			sourceTree = "<group>";
		};
		D306D8C31FF15CFC009AB87C /* pokedex */ = {
			isa = PBXGroup;
			children = (
				D39D05BC1FF1DA9A008F5C74 /* Resources */,
				D39D05BB1FF1DA88008F5C74 /* Utilities */,
				D39D05B11FF16A4E008F5C74 /* Model */,
				D39D05B41FF17443008F5C74 /* View */,
				D39D05BA1FF1DA54008F5C74 /* Controller */,
				D306D8C81FF15CFC009AB87C /* Main.storyboard */,
				D306D8CB1FF15CFC009AB87C /* Assets.xcassets */,
				D306D8CD1FF15CFC009AB87C /* LaunchScreen.storyboard */,
				D306D8C41FF15CFC009AB87C /* AppDelegate.swift */,
				D306D8D01FF15CFC009AB87C /* Info.plist */,
			);
			path = pokedex;
			sourceTree = "<group>";
		};
		D39D05B11FF16A4E008F5C74 /* Model */ = {
			isa = PBXGroup;
			children = (
				D39D05B21FF16A65008F5C74 /* Pokemon.swift */,
			);
			path = Model;
			sourceTree = "<group>";
		};
		D39D05B41FF17443008F5C74 /* View */ = {
			isa = PBXGroup;
			children = (
				D39D05B51FF1747F008F5C74 /* PokeCell.swift */,
			);
			path = View;
			sourceTree = "<group>";
		};
		D39D05BA1FF1DA54008F5C74 /* Controller */ = {
			isa = PBXGroup;
			children = (
				D306D8C61FF15CFC009AB87C /* ViewController.swift */,
			);
			path = Controller;
			sourceTree = "<group>";
		};
		D39D05BB1FF1DA88008F5C74 /* Utilities */ = {
			isa = PBXGroup;
			children = (
				D39D05B71FF1A06F008F5C74 /* csv.swift */,
			);
			path = Utilities;
			sourceTree = "<group>";
		};
		D39D05BC1FF1DA9A008F5C74 /* Resources */ = {
			isa = PBXGroup;
			children = (
				D39D05BD1FF1DBE0008F5C74 /* music.png */,
				D39D05BF1FF1DC12008F5C74 /* music.mp3 */,
				D39D05AF1FF168E9008F5C74 /* pokemon.csv */,
				D39D05B91FF1D9BB008F5C74 /* Pokemon Solid.ttf */,
			);
			path = Resources;
			sourceTree = "<group>";
		};
/* End PBXGroup section */

/* Begin PBXNativeTarget section */
		D306D8C01FF15CFB009AB87C /* pokedex */ = {
			isa = PBXNativeTarget;
			buildConfigurationList = D306D8D31FF15CFC009AB87C /* Build configuration list for PBXNativeTarget "pokedex" */;
			buildPhases = (
				D306D8BD1FF15CFB009AB87C /* Sources */,
				D306D8BE1FF15CFB009AB87C /* Frameworks */,
				D306D8BF1FF15CFB009AB87C /* Resources */,
			);
			buildRules = (
			);
			dependencies = (
			);
			name = pokedex;
			productName = pokedex;
			productReference = D306D8C11FF15CFC009AB87C /* pokedex.app */;
			productType = "com.apple.product-type.application";
		};
/* End PBXNativeTarget section */

/* Begin PBXProject section */
		D306D8B91FF15CFB009AB87C /* Project object */ = {
			isa = PBXProject;
			attributes = {
				LastSwiftUpdateCheck = 0920;
				LastUpgradeCheck = 0920;
				ORGANIZATIONNAME = "Milos Opacic";
				TargetAttributes = {
					D306D8C01FF15CFB009AB87C = {
						CreatedOnToolsVersion = 9.2;
						ProvisioningStyle = Automatic;
					};
				};
			};
			buildConfigurationList = D306D8BC1FF15CFB009AB87C /* Build configuration list for PBXProject "pokedex" */;
			compatibilityVersion = "Xcode 8.0";
			developmentRegion = en;
			hasScannedForEncodings = 0;
			knownRegions = (
				en,
				Base,
			);
			mainGroup = D306D8B81FF15CFB009AB87C;
			productRefGroup = D306D8C21FF15CFC009AB87C /* Products */;
			projectDirPath = "";
			projectRoot = "";
			targets = (
				D306D8C01FF15CFB009AB87C /* pokedex */,
			);
		};
/* End PBXProject section */

/* Begin PBXResourcesBuildPhase section */
		D306D8BF1FF15CFB009AB87C /* Resources */ = {
			isa = PBXResourcesBuildPhase;
			buildActionMask = 2147483647;
			files = (
				D39D05BE1FF1DBE0008F5C74 /* music.png in Resources */,
				D306D8CF1FF15CFC009AB87C /* LaunchScreen.storyboard in Resources */,
				D39D05C01FF1DC12008F5C74 /* music.mp3 in Resources */,
				D306D8CC1FF15CFC009AB87C /* Assets.xcassets in Resources */,
				D39D05B01FF168E9008F5C74 /* pokemon.csv in Resources */,
				D306D8CA1FF15CFC009AB87C /* Main.storyboard in Resources */,
			);
			runOnlyForDeploymentPostprocessing = 0;
		};
/* End PBXResourcesBuildPhase section */

/* Begin PBXSourcesBuildPhase section */
		D306D8BD1FF15CFB009AB87C /* Sources */ = {
			isa = PBXSourcesBuildPhase;
			buildActionMask = 2147483647;
			files = (
				D39D05B61FF1747F008F5C74 /* PokeCell.swift in Sources */,
				D306D8C71FF15CFC009AB87C /* ViewController.swift in Sources */,
				D306D8C51FF15CFC009AB87C /* AppDelegate.swift in Sources */,
				D39D05B31FF16A65008F5C74 /* Pokemon.swift in Sources */,
				D39D05B81FF1A070008F5C74 /* csv.swift in Sources */,
			);
			runOnlyForDeploymentPostprocessing = 0;
		};
/* End PBXSourcesBuildPhase section */

/* Begin PBXVariantGroup section */
		D306D8C81FF15CFC009AB87C /* Main.storyboard */ = {
			isa = PBXVariantGroup;
			children = (
				D306D8C91FF15CFC009AB87C /* Base */,
			);
			name = Main.storyboard;
			sourceTree = "<group>";
		};
		D306D8CD1FF15CFC009AB87C /* LaunchScreen.storyboard */ = {
			isa = PBXVariantGroup;
			children = (
				D306D8CE1FF15CFC009AB87C /* Base */,
			);
			name = LaunchScreen.storyboard;
			sourceTree = "<group>";
		};
/* End PBXVariantGroup section */

/* Begin XCBuildConfiguration section */
		D306D8D11FF15CFC009AB87C /* Debug */ = {
			isa = XCBuildConfiguration;
			buildSettings = {
				ALWAYS_SEARCH_USER_PATHS = NO;
				CLANG_ANALYZER_NONNULL = YES;
				CLANG_ANALYZER_NUMBER_OBJECT_CONVERSION = YES_AGGRESSIVE;
				CLANG_CXX_LANGUAGE_STANDARD = "gnu++14";
				CLANG_CXX_LIBRARY = "libc++";
				CLANG_ENABLE_MODULES = YES;
				CLANG_ENABLE_OBJC_ARC = YES;
				CLANG_WARN_BLOCK_CAPTURE_AUTORELEASING = YES;
				CLANG_WARN_BOOL_CONVERSION = YES;
				CLANG_WARN_COMMA = YES;
				CLANG_WARN_CONSTANT_CONVERSION = YES;
				CLANG_WARN_DIRECT_OBJC_ISA_USAGE = YES_ERROR;
				CLANG_WARN_DOCUMENTATION_COMMENTS = YES;
				CLANG_WARN_EMPTY_BODY = YES;
				CLANG_WARN_ENUM_CONVERSION = YES;
				CLANG_WARN_INFINITE_RECURSION = YES;
				CLANG_WARN_INT_CONVERSION = YES;
				CLANG_WARN_NON_LITERAL_NULL_CONVERSION = YES;
				CLANG_WARN_OBJC_LITERAL_CONVERSION = YES;
				CLANG_WARN_OBJC_ROOT_CLASS = YES_ERROR;
				CLANG_WARN_RANGE_LOOP_ANALYSIS = YES;
				CLANG_WARN_STRICT_PROTOTYPES = YES;
				CLANG_WARN_SUSPICIOUS_MOVE = YES;
				CLANG_WARN_UNGUARDED_AVAILABILITY = YES_AGGRESSIVE;
				CLANG_WARN_UNREACHABLE_CODE = YES;
				CLANG_WARN__DUPLICATE_METHOD_MATCH = YES;
				CODE_SIGN_IDENTITY = "iPhone Developer";
				COPY_PHASE_STRIP = NO;
				DEBUG_INFORMATION_FORMAT = dwarf;
				ENABLE_STRICT_OBJC_MSGSEND = YES;
				ENABLE_TESTABILITY = YES;
				GCC_C_LANGUAGE_STANDARD = gnu11;
				GCC_DYNAMIC_NO_PIC = NO;
				GCC_NO_COMMON_BLOCKS = YES;
				GCC_OPTIMIZATION_LEVEL = 0;
				GCC_PREPROCESSOR_DEFINITIONS = (
					"DEBUG=1",
					"$(inherited)",
				);
				GCC_WARN_64_TO_32_BIT_CONVERSION = YES;
				GCC_WARN_ABOUT_RETURN_TYPE = YES_ERROR;
				GCC_WARN_UNDECLARED_SELECTOR = YES;
				GCC_WARN_UNINITIALIZED_AUTOS = YES_AGGRESSIVE;
				GCC_WARN_UNUSED_FUNCTION = YES;
				GCC_WARN_UNUSED_VARIABLE = YES;
				IPHONEOS_DEPLOYMENT_TARGET = 11.2;
				MTL_ENABLE_DEBUG_INFO = YES;
				ONLY_ACTIVE_ARCH = YES;
				SDKROOT = iphoneos;
				SWIFT_ACTIVE_COMPILATION_CONDITIONS = DEBUG;
				SWIFT_OPTIMIZATION_LEVEL = "-Onone";
			};
			name = Debug;
		};
		D306D8D21FF15CFC009AB87C /* Release */ = {
			isa = XCBuildConfiguration;
			buildSettings = {
				ALWAYS_SEARCH_USER_PATHS = NO;
				CLANG_ANALYZER_NONNULL = YES;
				CLANG_ANALYZER_NUMBER_OBJECT_CONVERSION = YES_AGGRESSIVE;
				CLANG_CXX_LANGUAGE_STANDARD = "gnu++14";
				CLANG_CXX_LIBRARY = "libc++";
				CLANG_ENABLE_MODULES = YES;
				CLANG_ENABLE_OBJC_ARC = YES;
				CLANG_WARN_BLOCK_CAPTURE_AUTORELEASING = YES;
				CLANG_WARN_BOOL_CONVERSION = YES;
				CLANG_WARN_COMMA = YES;
				CLANG_WARN_CONSTANT_CONVERSION = YES;
				CLANG_WARN_DIRECT_OBJC_ISA_USAGE = YES_ERROR;
				CLANG_WARN_DOCUMENTATION_COMMENTS = YES;
				CLANG_WARN_EMPTY_BODY = YES;
				CLANG_WARN_ENUM_CONVERSION = YES;
				CLANG_WARN_INFINITE_RECURSION = YES;
				CLANG_WARN_INT_CONVERSION = YES;
				CLANG_WARN_NON_LITERAL_NULL_CONVERSION = YES;
				CLANG_WARN_OBJC_LITERAL_CONVERSION = YES;
				CLANG_WARN_OBJC_ROOT_CLASS = YES_ERROR;
				CLANG_WARN_RANGE_LOOP_ANALYSIS = YES;
				CLANG_WARN_STRICT_PROTOTYPES = YES;
				CLANG_WARN_SUSPICIOUS_MOVE = YES;
				CLANG_WARN_UNGUARDED_AVAILABILITY = YES_AGGRESSIVE;
				CLANG_WARN_UNREACHABLE_CODE = YES;
				CLANG_WARN__DUPLICATE_METHOD_MATCH = YES;
				CODE_SIGN_IDENTITY = "iPhone Developer";
				COPY_PHASE_STRIP = NO;
				DEBUG_INFORMATION_FORMAT = "dwarf-with-dsym";
				ENABLE_NS_ASSERTIONS = NO;
				ENABLE_STRICT_OBJC_MSGSEND = YES;
				GCC_C_LANGUAGE_STANDARD = gnu11;
				GCC_NO_COMMON_BLOCKS = YES;
				GCC_WARN_64_TO_32_BIT_CONVERSION = YES;
				GCC_WARN_ABOUT_RETURN_TYPE = YES_ERROR;
				GCC_WARN_UNDECLARED_SELECTOR = YES;
				GCC_WARN_UNINITIALIZED_AUTOS = YES_AGGRESSIVE;
				GCC_WARN_UNUSED_FUNCTION = YES;
				GCC_WARN_UNUSED_VARIABLE = YES;
				IPHONEOS_DEPLOYMENT_TARGET = 11.2;
				MTL_ENABLE_DEBUG_INFO = NO;
				SDKROOT = iphoneos;
				SWIFT_OPTIMIZATION_LEVEL = "-Owholemodule";
				VALIDATE_PRODUCT = YES;
			};
			name = Release;
		};
		D306D8D41FF15CFC009AB87C /* Debug */ = {
			isa = XCBuildConfiguration;
			buildSettings = {
				ASSETCATALOG_COMPILER_APPICON_NAME = AppIcon;
				CODE_SIGN_STYLE = Automatic;
				INFOPLIST_FILE = pokedex/Info.plist;
				LD_RUNPATH_SEARCH_PATHS = "$(inherited) @executable_path/Frameworks";
				PRODUCT_BUNDLE_IDENTIFIER = com.milosopacic.pokedex;
				PRODUCT_NAME = "$(TARGET_NAME)";
				SWIFT_VERSION = 4.0;
				TARGETED_DEVICE_FAMILY = "1,2";
			};
			name = Debug;
		};
		D306D8D51FF15CFC009AB87C /* Release */ = {
			isa = XCBuildConfiguration;
			buildSettings = {
				ASSETCATALOG_COMPILER_APPICON_NAME = AppIcon;
				CODE_SIGN_STYLE = Automatic;
				INFOPLIST_FILE = pokedex/Info.plist;
				LD_RUNPATH_SEARCH_PATHS = "$(inherited) @executable_path/Frameworks";
				PRODUCT_BUNDLE_IDENTIFIER = com.milosopacic.pokedex;
				PRODUCT_NAME = "$(TARGET_NAME)";
				SWIFT_VERSION = 4.0;
				TARGETED_DEVICE_FAMILY = "1,2";
			};
			name = Release;
		};
/* End XCBuildConfiguration section */

/* Begin XCConfigurationList section */
		D306D8BC1FF15CFB009AB87C /* Build configuration list for PBXProject "pokedex" */ = {
			isa = XCConfigurationList;
			buildConfigurations = (
				D306D8D11FF15CFC009AB87C /* Debug */,
				D306D8D21FF15CFC009AB87C /* Release */,
			);
			defaultConfigurationIsVisible = 0;
			defaultConfigurationName = Release;
		};
		D306D8D31FF15CFC009AB87C /* Build configuration list for PBXNativeTarget "pokedex" */ = {
			isa = XCConfigurationList;
			buildConfigurations = (
				D306D8D41FF15CFC009AB87C /* Debug */,
				D306D8D51FF15CFC009AB87C /* Release */,
			);
			defaultConfigurationIsVisible = 0;
			defaultConfigurationName = Release;
		};
/* End XCConfigurationList section */
	};
	rootObject = D306D8B91FF15CFB009AB87C /* Project object */;
}
